
Microsoft Visual Studio Solution File, Format Version 12.00
# Visual Studio Version 16
VisualStudioVersion = 16.0.30804.86
MinimumVisualStudioVersion = 10.0.40219.1
Project("{FAE04EC0-301F-11D3-BF4B-00C04F79EFBC}") = "devontaylor", "devontaylor\devontaylor.csproj", "{B5CA36B3-26CA-4050-97AC-F19ECA8D1BB8}"
EndProject
Global
	GlobalSection(SolutionConfigurationPlatforms) = preSolution
		Debug|Any CPU = Debug|Any CPU
		Release|Any CPU = Release|Any CPU
	EndGlobalSection
	GlobalSection(ProjectConfigurationPlatforms) = postSolution
		{B5CA36B3-26CA-4050-97AC-F19ECA8D1BB8}.Debug|Any CPU.ActiveCfg = Debug|Any CPU
		{B5CA36B3-26CA-4050-97AC-F19ECA8D1BB8}.Debug|Any CPU.Build.0 = Debug|Any CPU
		{B5CA36B3-26CA-4050-97AC-F19ECA8D1BB8}.Release|Any CPU.ActiveCfg = Release|Any CPU
		{B5CA36B3-26CA-4050-97AC-F19ECA8D1BB8}.Release|Any CPU.Build.0 = Release|Any CPU
	EndGlobalSection
	GlobalSection(SolutionProperties) = preSolution
		HideSolutionNode = FALSE
	EndGlobalSection
	GlobalSection(ExtensibilityGlobals) = postSolution
		SolutionGuid = {38339C91-9CC3-4FFF-A24D-EE746737D313}
	EndGlobalSection
EndGlobal
